// !$*UTF8*$!
{
	archiveVersion = 1;
	classes = {
	};
	objectVersion = 46;
	objects = {

/* Begin PBXBuildFile section */
		B757EDF919AF8C9A000D9766 /* BNRItemStore.m in Sources */ = {isa = PBXBuildFile; fileRef = B757EDF819AF8C9A000D9766 /* BNRItemStore.m */; };
		B757EDFC19AF8F81000D9766 /* BNRItem.m in Sources */ = {isa = PBXBuildFile; fileRef = B757EDFB19AF8F81000D9766 /* BNRItem.m */; };
		B79F016B19AC29ED00FF715A /* Foundation.framework in Frameworks */ = {isa = PBXBuildFile; fileRef = B79F016A19AC29ED00FF715A /* Foundation.framework */; };
		B79F016D19AC29ED00FF715A /* CoreGraphics.framework in Frameworks */ = {isa = PBXBuildFile; fileRef = B79F016C19AC29ED00FF715A /* CoreGraphics.framework */; };
		B79F016F19AC29ED00FF715A /* UIKit.framework in Frameworks */ = {isa = PBXBuildFile; fileRef = B79F016E19AC29ED00FF715A /* UIKit.framework */; };
		B79F017519AC29ED00FF715A /* InfoPlist.strings in Resources */ = {isa = PBXBuildFile; fileRef = B79F017319AC29ED00FF715A /* InfoPlist.strings */; };
		B79F017719AC29ED00FF715A /* main.m in Sources */ = {isa = PBXBuildFile; fileRef = B79F017619AC29ED00FF715A /* main.m */; };
		B79F017B19AC29ED00FF715A /* BNRAppDelegate.m in Sources */ = {isa = PBXBuildFile; fileRef = B79F017A19AC29ED00FF715A /* BNRAppDelegate.m */; };
		B79F017D19AC29ED00FF715A /* Images.xcassets in Resources */ = {isa = PBXBuildFile; fileRef = B79F017C19AC29ED00FF715A /* Images.xcassets */; };
		B79F018419AC29ED00FF715A /* XCTest.framework in Frameworks */ = {isa = PBXBuildFile; fileRef = B79F018319AC29ED00FF715A /* XCTest.framework */; };
		B79F018519AC29ED00FF715A /* Foundation.framework in Frameworks */ = {isa = PBXBuildFile; fileRef = B79F016A19AC29ED00FF715A /* Foundation.framework */; };
		B79F018619AC29ED00FF715A /* UIKit.framework in Frameworks */ = {isa = PBXBuildFile; fileRef = B79F016E19AC29ED00FF715A /* UIKit.framework */; };
		B79F018E19AC29ED00FF715A /* InfoPlist.strings in Resources */ = {isa = PBXBuildFile; fileRef = B79F018C19AC29ED00FF715A /* InfoPlist.strings */; };
		B79F019019AC29ED00FF715A /* HomepwnerTests.m in Sources */ = {isa = PBXBuildFile; fileRef = B79F018F19AC29ED00FF715A /* HomepwnerTests.m */; };
		B7F32C7519ACDCC000ADF2B8 /* BNRItemsViewController.m in Sources */ = {isa = PBXBuildFile; fileRef = B7F32C7419ACDCC000ADF2B8 /* BNRItemsViewController.m */; };
/* End PBXBuildFile section */

/* Begin PBXContainerItemProxy section */
		B79F018719AC29ED00FF715A /* PBXContainerItemProxy */ = {
			isa = PBXContainerItemProxy;
			containerPortal = B79F015F19AC29ED00FF715A /* Project object */;
			proxyType = 1;
			remoteGlobalIDString = B79F016619AC29ED00FF715A;
			remoteInfo = Homepwner;
		};
/* End PBXContainerItemProxy section */

/* Begin PBXFileReference section */
		B757EDF719AF8C9A000D9766 /* BNRItemStore.h */ = {isa = PBXFileReference; fileEncoding = 4; lastKnownFileType = sourcecode.c.h; path = BNRItemStore.h; sourceTree = "<group>"; };
		B757EDF819AF8C9A000D9766 /* BNRItemStore.m */ = {isa = PBXFileReference; fileEncoding = 4; lastKnownFileType = sourcecode.c.objc; path = BNRItemStore.m; sourceTree = "<group>"; };
		B757EDFA19AF8F81000D9766 /* BNRItem.h */ = {isa = PBXFileReference; fileEncoding = 4; lastKnownFileType = sourcecode.c.h; path = BNRItem.h; sourceTree = "<group>"; };
		B757EDFB19AF8F81000D9766 /* BNRItem.m */ = {isa = PBXFileReference; fileEncoding = 4; lastKnownFileType = sourcecode.c.objc; path = BNRItem.m; sourceTree = "<group>"; };
		B79F016719AC29ED00FF715A /* Homepwner.app */ = {isa = PBXFileReference; explicitFileType = wrapper.application; includeInIndex = 0; path = Homepwner.app; sourceTree = BUILT_PRODUCTS_DIR; };
		B79F016A19AC29ED00FF715A /* Foundation.framework */ = {isa = PBXFileReference; lastKnownFileType = wrapper.framework; name = Foundation.framework; path = System/Library/Frameworks/Foundation.framework; sourceTree = SDKROOT; };
		B79F016C19AC29ED00FF715A /* CoreGraphics.framework */ = {isa = PBXFileReference; lastKnownFileType = wrapper.framework; name = CoreGraphics.framework; path = System/Library/Frameworks/CoreGraphics.framework; sourceTree = SDKROOT; };
		B79F016E19AC29ED00FF715A /* UIKit.framework */ = {isa = PBXFileReference; lastKnownFileType = wrapper.framework; name = UIKit.framework; path = System/Library/Frameworks/UIKit.framework; sourceTree = SDKROOT; };
		B79F017219AC29ED00FF715A /* Homepwner-Info.plist */ = {isa = PBXFileReference; lastKnownFileType = text.plist.xml; path = "Homepwner-Info.plist"; sourceTree = "<group>"; };
		B79F017419AC29ED00FF715A /* en */ = {isa = PBXFileReference; lastKnownFileType = text.plist.strings; name = en; path = en.lproj/InfoPlist.strings; sourceTree = "<group>"; };
		B79F017619AC29ED00FF715A /* main.m */ = {isa = PBXFileReference; lastKnownFileType = sourcecode.c.objc; path = main.m; sourceTree = "<group>"; };
		B79F017819AC29ED00FF715A /* Homepwner-Prefix.pch */ = {isa = PBXFileReference; lastKnownFileType = sourcecode.c.h; path = "Homepwner-Prefix.pch"; sourceTree = "<group>"; };
		B79F017919AC29ED00FF715A /* BNRAppDelegate.h */ = {isa = PBXFileReference; lastKnownFileType = sourcecode.c.h; path = BNRAppDelegate.h; sourceTree = "<group>"; };
		B79F017A19AC29ED00FF715A /* BNRAppDelegate.m */ = {isa = PBXFileReference; lastKnownFileType = sourcecode.c.objc; path = BNRAppDelegate.m; sourceTree = "<group>"; };
		B79F017C19AC29ED00FF715A /* Images.xcassets */ = {isa = PBXFileReference; lastKnownFileType = folder.assetcatalog; path = Images.xcassets; sourceTree = "<group>"; };
		B79F018219AC29ED00FF715A /* HomepwnerTests.xctest */ = {isa = PBXFileReference; explicitFileType = wrapper.cfbundle; includeInIndex = 0; path = HomepwnerTests.xctest; sourceTree = BUILT_PRODUCTS_DIR; };
		B79F018319AC29ED00FF715A /* XCTest.framework */ = {isa = PBXFileReference; lastKnownFileType = wrapper.framework; name = XCTest.framework; path = Library/Frameworks/XCTest.framework; sourceTree = DEVELOPER_DIR; };
		B79F018B19AC29ED00FF715A /* HomepwnerTests-Info.plist */ = {isa = PBXFileReference; lastKnownFileType = text.plist.xml; path = "HomepwnerTests-Info.plist"; sourceTree = "<group>"; };
		B79F018D19AC29ED00FF715A /* en */ = {isa = PBXFileReference; lastKnownFileType = text.plist.strings; name = en; path = en.lproj/InfoPlist.strings; sourceTree = "<group>"; };
		B79F018F19AC29ED00FF715A /* HomepwnerTests.m */ = {isa = PBXFileReference; lastKnownFileType = sourcecode.c.objc; path = HomepwnerTests.m; sourceTree = "<group>"; };
		B7F32C7319ACDCC000ADF2B8 /* BNRItemsViewController.h */ = {isa = PBXFileReference; fileEncoding = 4; lastKnownFileType = sourcecode.c.h; path = BNRItemsViewController.h; sourceTree = "<group>"; };
		B7F32C7419ACDCC000ADF2B8 /* BNRItemsViewController.m */ = {isa = PBXFileReference; fileEncoding = 4; lastKnownFileType = sourcecode.c.objc; path = BNRItemsViewController.m; sourceTree = "<group>"; };
/* End PBXFileReference section */

/* Begin PBXFrameworksBuildPhase section */
		B79F016419AC29ED00FF715A /* Frameworks */ = {
			isa = PBXFrameworksBuildPhase;
			buildActionMask = 2147483647;
			files = (
				B79F016D19AC29ED00FF715A /* CoreGraphics.framework in Frameworks */,
				B79F016F19AC29ED00FF715A /* UIKit.framework in Frameworks */,
				B79F016B19AC29ED00FF715A /* Foundation.framework in Frameworks */,
			);
			runOnlyForDeploymentPostprocessing = 0;
		};
		B79F017F19AC29ED00FF715A /* Frameworks */ = {
			isa = PBXFrameworksBuildPhase;
			buildActionMask = 2147483647;
			files = (
				B79F018419AC29ED00FF715A /* XCTest.framework in Frameworks */,
				B79F018619AC29ED00FF715A /* UIKit.framework in Frameworks */,
				B79F018519AC29ED00FF715A /* Foundation.framework in Frameworks */,
			);
			runOnlyForDeploymentPostprocessing = 0;
		};
/* End PBXFrameworksBuildPhase section */

/* Begin PBXGroup section */
		B79F015E19AC29ED00FF715A = {
			isa = PBXGroup;
			children = (
				B79F017019AC29ED00FF715A /* Homepwner */,
				B79F018919AC29ED00FF715A /* HomepwnerTests */,
				B79F016919AC29ED00FF715A /* Frameworks */,
				B79F016819AC29ED00FF715A /* Products */,
			);
			sourceTree = "<group>";
		};
		B79F016819AC29ED00FF715A /* Products */ = {
			isa = PBXGroup;
			children = (
				B79F016719AC29ED00FF715A /* Homepwner.app */,
				B79F018219AC29ED00FF715A /* HomepwnerTests.xctest */,
			);
			name = Products;
			sourceTree = "<group>";
		};
		B79F016919AC29ED00FF715A /* Frameworks */ = {
			isa = PBXGroup;
			children = (
				B79F016A19AC29ED00FF715A /* Foundation.framework */,
				B79F016C19AC29ED00FF715A /* CoreGraphics.framework */,
				B79F016E19AC29ED00FF715A /* UIKit.framework */,
				B79F018319AC29ED00FF715A /* XCTest.framework */,
			);
			name = Frameworks;
			sourceTree = "<group>";
		};
		B79F017019AC29ED00FF715A /* Homepwner */ = {
			isa = PBXGroup;
			children = (
				B757EDFA19AF8F81000D9766 /* BNRItem.h */,
				B757EDFB19AF8F81000D9766 /* BNRItem.m */,
				B7F32C7319ACDCC000ADF2B8 /* BNRItemsViewController.h */,
				B7F32C7419ACDCC000ADF2B8 /* BNRItemsViewController.m */,
				B757EDF719AF8C9A000D9766 /* BNRItemStore.h */,
				B757EDF819AF8C9A000D9766 /* BNRItemStore.m */,
				B79F017919AC29ED00FF715A /* BNRAppDelegate.h */,
				B79F017A19AC29ED00FF715A /* BNRAppDelegate.m */,
				B79F017C19AC29ED00FF715A /* Images.xcassets */,
				B79F017119AC29ED00FF715A /* Supporting Files */,
			);
			path = Homepwner;
			sourceTree = "<group>";
		};
		B79F017119AC29ED00FF715A /* Supporting Files */ = {
			isa = PBXGroup;
			children = (
				B79F017219AC29ED00FF715A /* Homepwner-Info.plist */,
				B79F017319AC29ED00FF715A /* InfoPlist.strings */,
				B79F017619AC29ED00FF715A /* main.m */,
				B79F017819AC29ED00FF715A /* Homepwner-Prefix.pch */,
			);
			name = "Supporting Files";
			sourceTree = "<group>";
		};
		B79F018919AC29ED00FF715A /* HomepwnerTests */ = {
			isa = PBXGroup;
			children = (
				B79F018F19AC29ED00FF715A /* HomepwnerTests.m */,
				B79F018A19AC29ED00FF715A /* Supporting Files */,
			);
			path = HomepwnerTests;
			sourceTree = "<group>";
		};
		B79F018A19AC29ED00FF715A /* Supporting Files */ = {
			isa = PBXGroup;
			children = (
				B79F018B19AC29ED00FF715A /* HomepwnerTests-Info.plist */,
				B79F018C19AC29ED00FF715A /* InfoPlist.strings */,
			);
			name = "Supporting Files";
			sourceTree = "<group>";
		};
/* End PBXGroup section */

/* Begin PBXNativeTarget section */
		B79F016619AC29ED00FF715A /* Homepwner */ = {
			isa = PBXNativeTarget;
			buildConfigurationList = B79F019319AC29ED00FF715A /* Build configuration list for PBXNativeTarget "Homepwner" */;
			buildPhases = (
				B79F016319AC29ED00FF715A /* Sources */,
				B79F016419AC29ED00FF715A /* Frameworks */,
				B79F016519AC29ED00FF715A /* Resources */,
			);
			buildRules = (
			);
			dependencies = (
			);
			name = Homepwner;
			productName = Homepwner;
			productReference = B79F016719AC29ED00FF715A /* Homepwner.app */;
			productType = "com.apple.product-type.application";
		};
		B79F018119AC29ED00FF715A /* HomepwnerTests */ = {
			isa = PBXNativeTarget;
			buildConfigurationList = B79F019619AC29ED00FF715A /* Build configuration list for PBXNativeTarget "HomepwnerTests" */;
			buildPhases = (
				B79F017E19AC29ED00FF715A /* Sources */,
				B79F017F19AC29ED00FF715A /* Frameworks */,
				B79F018019AC29ED00FF715A /* Resources */,
			);
			buildRules = (
			);
			dependencies = (
				B79F018819AC29ED00FF715A /* PBXTargetDependency */,
			);
			name = HomepwnerTests;
			productName = HomepwnerTests;
			productReference = B79F018219AC29ED00FF715A /* HomepwnerTests.xctest */;
			productType = "com.apple.product-type.bundle.unit-test";
		};
/* End PBXNativeTarget section */

/* Begin PBXProject section */
		B79F015F19AC29ED00FF715A /* Project object */ = {
			isa = PBXProject;
			attributes = {
				CLASSPREFIX = BNR;
				LastUpgradeCheck = 0510;
				ORGANIZATIONNAME = "Omer Wazir";
				TargetAttributes = {
					B79F016619AC29ED00FF715A = {
						DevelopmentTeam = 3FZ2H75HCU;
					};
					B79F018119AC29ED00FF715A = {
						TestTargetID = B79F016619AC29ED00FF715A;
					};
				};
			};
			buildConfigurationList = B79F016219AC29ED00FF715A /* Build configuration list for PBXProject "Homepwner" */;
			compatibilityVersion = "Xcode 3.2";
			developmentRegion = English;
			hasScannedForEncodings = 0;
			knownRegions = (
				en,
			);
			mainGroup = B79F015E19AC29ED00FF715A;
			productRefGroup = B79F016819AC29ED00FF715A /* Products */;
			projectDirPath = "";
			projectRoot = "";
			targets = (
				B79F016619AC29ED00FF715A /* Homepwner */,
				B79F018119AC29ED00FF715A /* HomepwnerTests */,
			);
		};
/* End PBXProject section */

/* Begin PBXResourcesBuildPhase section */
		B79F016519AC29ED00FF715A /* Resources */ = {
			isa = PBXResourcesBuildPhase;
			buildActionMask = 2147483647;
			files = (
				B79F017519AC29ED00FF715A /* InfoPlist.strings in Resources */,
				B79F017D19AC29ED00FF715A /* Images.xcassets in Resources */,
			);
			runOnlyForDeploymentPostprocessing = 0;
		};
		B79F018019AC29ED00FF715A /* Resources */ = {
			isa = PBXResourcesBuildPhase;
			buildActionMask = 2147483647;
			files = (
				B79F018E19AC29ED00FF715A /* InfoPlist.strings in Resources */,
			);
			runOnlyForDeploymentPostprocessing = 0;
		};
/* End PBXResourcesBuildPhase section */

/* Begin PBXSourcesBuildPhase section */
		B79F016319AC29ED00FF715A /* Sources */ = {
			isa = PBXSourcesBuildPhase;
			buildActionMask = 2147483647;
			files = (
				B757EDF919AF8C9A000D9766 /* BNRItemStore.m in Sources */,
				B757EDFC19AF8F81000D9766 /* BNRItem.m in Sources */,
				B7F32C7519ACDCC000ADF2B8 /* BNRItemsViewController.m in Sources */,
				B79F017719AC29ED00FF715A /* main.m in Sources */,
				B79F017B19AC29ED00FF715A /* BNRAppDelegate.m in Sources */,
			);
			runOnlyForDeploymentPostprocessing = 0;
		};
		B79F017E19AC29ED00FF715A /* Sources */ = {
			isa = PBXSourcesBuildPhase;
			buildActionMask = 2147483647;
			files = (
				B79F019019AC29ED00FF715A /* HomepwnerTests.m in Sources */,
			);
			runOnlyForDeploymentPostprocessing = 0;
		};
/* End PBXSourcesBuildPhase section */

/* Begin PBXTargetDependency section */
		B79F018819AC29ED00FF715A /* PBXTargetDependency */ = {
			isa = PBXTargetDependency;
			target = B79F016619AC29ED00FF715A /* Homepwner */;
			targetProxy = B79F018719AC29ED00FF715A /* PBXContainerItemProxy */;
		};
/* End PBXTargetDependency section */

/* Begin PBXVariantGroup section */
		B79F017319AC29ED00FF715A /* InfoPlist.strings */ = {
			isa = PBXVariantGroup;
			children = (
				B79F017419AC29ED00FF715A /* en */,
			);
			name = InfoPlist.strings;
			sourceTree = "<group>";
		};
		B79F018C19AC29ED00FF715A /* InfoPlist.strings */ = {
			isa = PBXVariantGroup;
			children = (
				B79F018D19AC29ED00FF715A /* en */,
			);
			name = InfoPlist.strings;
			sourceTree = "<group>";
		};
/* End PBXVariantGroup section */

/* Begin XCBuildConfiguration section */
		B79F019119AC29ED00FF715A /* Debug */ = {
			isa = XCBuildConfiguration;
			buildSettings = {
				ALWAYS_SEARCH_USER_PATHS = NO;
				CLANG_CXX_LANGUAGE_STANDARD = "gnu++0x";
				CLANG_CXX_LIBRARY = "libc++";
				CLANG_ENABLE_MODULES = YES;
				CLANG_ENABLE_OBJC_ARC = YES;
				CLANG_WARN_BOOL_CONVERSION = YES;
				CLANG_WARN_CONSTANT_CONVERSION = YES;
				CLANG_WARN_DIRECT_OBJC_ISA_USAGE = YES_ERROR;
				CLANG_WARN_EMPTY_BODY = YES;
				CLANG_WARN_ENUM_CONVERSION = YES;
				CLANG_WARN_INT_CONVERSION = YES;
				CLANG_WARN_OBJC_ROOT_CLASS = YES_ERROR;
				CLANG_WARN__DUPLICATE_METHOD_MATCH = YES;
				"CODE_SIGN_IDENTITY[sdk=iphoneos*]" = "iPhone Developer";
				COPY_PHASE_STRIP = NO;
				GCC_C_LANGUAGE_STANDARD = gnu99;
				GCC_DYNAMIC_NO_PIC = NO;
				GCC_OPTIMIZATION_LEVEL = 0;
				GCC_PREPROCESSOR_DEFINITIONS = (
					"DEBUG=1",
					"$(inherited)",
				);
				GCC_SYMBOLS_PRIVATE_EXTERN = NO;
				GCC_WARN_64_TO_32_BIT_CONVERSION = YES;
				GCC_WARN_ABOUT_RETURN_TYPE = YES_ERROR;
				GCC_WARN_UNDECLARED_SELECTOR = YES;
				GCC_WARN_UNINITIALIZED_AUTOS = YES_AGGRESSIVE;
				GCC_WARN_UNUSED_FUNCTION = YES;
				GCC_WARN_UNUSED_VARIABLE = YES;
				IPHONEOS_DEPLOYMENT_TARGET = 7.1;
				ONLY_ACTIVE_ARCH = YES;
				SDKROOT = iphoneos;
			};
			name = Debug;
		};
		B79F019219AC29ED00FF715A /* Release */ = {
			isa = XCBuildConfiguration;
			buildSettings = {
				ALWAYS_SEARCH_USER_PATHS = NO;
				CLANG_CXX_LANGUAGE_STANDARD = "gnu++0x";
				CLANG_CXX_LIBRARY = "libc++";
				CLANG_ENABLE_MODULES = YES;
				CLANG_ENABLE_OBJC_ARC = YES;
				CLANG_WARN_BOOL_CONVERSION = YES;
				CLANG_WARN_CONSTANT_CONVERSION = YES;
				CLANG_WARN_DIRECT_OBJC_ISA_USAGE = YES_ERROR;
				CLANG_WARN_EMPTY_BODY = YES;
				CLANG_WARN_ENUM_CONVERSION = YES;
				CLANG_WARN_INT_CONVERSION = YES;
				CLANG_WARN_OBJC_ROOT_CLASS = YES_ERROR;
				CLANG_WARN__DUPLICATE_METHOD_MATCH = YES;
				"CODE_SIGN_IDENTITY[sdk=iphoneos*]" = "iPhone Developer";
				COPY_PHASE_STRIP = YES;
				ENABLE_NS_ASSERTIONS = NO;
				GCC_C_LANGUAGE_STANDARD = gnu99;
				GCC_WARN_64_TO_32_BIT_CONVERSION = YES;
				GCC_WARN_ABOUT_RETURN_TYPE = YES_ERROR;
				GCC_WARN_UNDECLARED_SELECTOR = YES;
				GCC_WARN_UNINITIALIZED_AUTOS = YES_AGGRESSIVE;
				GCC_WARN_UNUSED_FUNCTION = YES;
				GCC_WARN_UNUSED_VARIABLE = YES;
				IPHONEOS_DEPLOYMENT_TARGET = 7.1;
				SDKROOT = iphoneos;
				VALIDATE_PRODUCT = YES;
			};
			name = Release;
		};
		B79F019419AC29ED00FF715A /* Debug */ = {
			isa = XCBuildConfiguration;
			buildSettings = {
				ASSETCATALOG_COMPILER_APPICON_NAME = AppIcon;
				ASSETCATALOG_COMPILER_LAUNCHIMAGE_NAME = LaunchImage;
				CODE_SIGN_IDENTITY = "iPhone Developer";
				"CODE_SIGN_IDENTITY[sdk=iphoneos*]" = "iPhone Developer";
				GCC_PRECOMPILE_PREFIX_HEADER = YES;
				GCC_PREFIX_HEADER = "Homepwner/Homepwner-Prefix.pch";
				INFOPLIST_FILE = "Homepwner/Homepwner-Info.plist";
				PRODUCT_NAME = "$(TARGET_NAME)";
				PROVISIONING_PROFILE = "";
				WRAPPER_EXTENSION = app;
			};
			name = Debug;
		};
		B79F019519AC29ED00FF715A /* Release */ = {
			isa = XCBuildConfiguration;
			buildSettings = {
				ASSETCATALOG_COMPILER_APPICON_NAME = AppIcon;
				ASSETCATALOG_COMPILER_LAUNCHIMAGE_NAME = LaunchImage;
				CODE_SIGN_IDENTITY = "iPhone Developer";
				"CODE_SIGN_IDENTITY[sdk=iphoneos*]" = "iPhone Developer";
				GCC_PRECOMPILE_PREFIX_HEADER = YES;
				GCC_PREFIX_HEADER = "Homepwner/Homepwner-Prefix.pch";
				INFOPLIST_FILE = "Homepwner/Homepwner-Info.plist";
				PRODUCT_NAME = "$(TARGET_NAME)";
				PROVISIONING_PROFILE = "";
				WRAPPER_EXTENSION = app;
			};
			name = Release;
		};
		B79F019719AC29ED00FF715A /* Debug */ = {
			isa = XCBuildConfiguration;
			buildSettings = {
				BUNDLE_LOADER = "$(BUILT_PRODUCTS_DIR)/Homepwner.app/Homepwner";
				FRAMEWORK_SEARCH_PATHS = (
					"$(SDKROOT)/Developer/Library/Frameworks",
					"$(inherited)",
					"$(DEVELOPER_FRAMEWORKS_DIR)",
				);
				GCC_PRECOMPILE_PREFIX_HEADER = YES;
				GCC_PREFIX_HEADER = "Homepwner/Homepwner-Prefix.pch";
				GCC_PREPROCESSOR_DEFINITIONS = (
					"DEBUG=1",
					"$(inherited)",
				);
				INFOPLIST_FILE = "HomepwnerTests/HomepwnerTests-Info.plist";
				PRODUCT_NAME = "$(TARGET_NAME)";
				TEST_HOST = "$(BUNDLE_LOADER)";
				WRAPPER_EXTENSION = xctest;
			};
			name = Debug;
		};
		B79F019819AC29ED00FF715A /* Release */ = {
			isa = XCBuildConfiguration;
			buildSettings = {
				BUNDLE_LOADER = "$(BUILT_PRODUCTS_DIR)/Homepwner.app/Homepwner";
				FRAMEWORK_SEARCH_PATHS = (
					"$(SDKROOT)/Developer/Library/Frameworks",
					"$(inherited)",
					"$(DEVELOPER_FRAMEWORKS_DIR)",
				);
				GCC_PRECOMPILE_PREFIX_HEADER = YES;
				GCC_PREFIX_HEADER = "Homepwner/Homepwner-Prefix.pch";
				INFOPLIST_FILE = "HomepwnerTests/HomepwnerTests-Info.plist";
				PRODUCT_NAME = "$(TARGET_NAME)";
				TEST_HOST = "$(BUNDLE_LOADER)";
				WRAPPER_EXTENSION = xctest;
			};
			name = Release;
		};
/* End XCBuildConfiguration section */

/* Begin XCConfigurationList section */
		B79F016219AC29ED00FF715A /* Build configuration list for PBXProject "Homepwner" */ = {
			isa = XCConfigurationList;
			buildConfigurations = (
				B79F019119AC29ED00FF715A /* Debug */,
				B79F019219AC29ED00FF715A /* Release */,
			);
			defaultConfigurationIsVisible = 0;
			defaultConfigurationName = Release;
		};
		B79F019319AC29ED00FF715A /* Build configuration list for PBXNativeTarget "Homepwner" */ = {
			isa = XCConfigurationList;
			buildConfigurations = (
				B79F019419AC29ED00FF715A /* Debug */,
				B79F019519AC29ED00FF715A /* Release */,
			);
			defaultConfigurationIsVisible = 0;
			defaultConfigurationName = Release;
		};
		B79F019619AC29ED00FF715A /* Build configuration list for PBXNativeTarget "HomepwnerTests" */ = {
			isa = XCConfigurationList;
			buildConfigurations = (
				B79F019719AC29ED00FF715A /* Debug */,
				B79F019819AC29ED00FF715A /* Release */,
			);
			defaultConfigurationIsVisible = 0;
			defaultConfigurationName = Release;
		};
/* End XCConfigurationList section */
	};
	rootObject = B79F015F19AC29ED00FF715A /* Project object */;
}
